
Microsoft Visual Studio Solution File, Format Version 12.00
# Visual Studio Version 16
VisualStudioVersion = 16.0.29609.76
MinimumVisualStudioVersion = 10.0.40219.1
Project("{FAE04EC0-301F-11D3-BF4B-00C04F79EFBC}") = "GZip", "Gzip\GZip.csproj", "{C26AD47D-8AD3-4550-AB69-EB0368026992}"
EndProject
Project("{9A19103F-16F7-4668-BE54-9A1E7A4F7556}") = "FileManagerLibrary", "FileManagerLibrary\FileManagerLibrary.csproj", "{3639A60A-AF85-482E-946F-EA99CBCEF00D}"
EndProject
Project("{9A19103F-16F7-4668-BE54-9A1E7A4F7556}") = "DataCollection", "DataCollection\DataCollection.csproj", "{894766A7-CC71-4FEA-96EE-7ADB22483220}"
EndProject
Project("{FAE04EC0-301F-11D3-BF4B-00C04F79EFBC}") = "Tests", "Tests\Tests.csproj", "{623B2017-90D5-4FCC-8305-15A53DF8881D}"
EndProject
Global
	GlobalSection(SolutionConfigurationPlatforms) = preSolution
		Debug|Any CPU = Debug|Any CPU
		Release|Any CPU = Release|Any CPU
	EndGlobalSection
	GlobalSection(ProjectConfigurationPlatforms) = postSolution
		{C26AD47D-8AD3-4550-AB69-EB0368026992}.Debug|Any CPU.ActiveCfg = Debug|Any CPU
		{C26AD47D-8AD3-4550-AB69-EB0368026992}.Debug|Any CPU.Build.0 = Debug|Any CPU
		{C26AD47D-8AD3-4550-AB69-EB0368026992}.Release|Any CPU.ActiveCfg = Release|Any CPU
		{C26AD47D-8AD3-4550-AB69-EB0368026992}.Release|Any CPU.Build.0 = Release|Any CPU
		{3639A60A-AF85-482E-946F-EA99CBCEF00D}.Debug|Any CPU.ActiveCfg = Debug|Any CPU
		{3639A60A-AF85-482E-946F-EA99CBCEF00D}.Debug|Any CPU.Build.0 = Debug|Any CPU
		{3639A60A-AF85-482E-946F-EA99CBCEF00D}.Release|Any CPU.ActiveCfg = Release|Any CPU
		{3639A60A-AF85-482E-946F-EA99CBCEF00D}.Release|Any CPU.Build.0 = Release|Any CPU
		{894766A7-CC71-4FEA-96EE-7ADB22483220}.Debug|Any CPU.ActiveCfg = Debug|Any CPU
		{894766A7-CC71-4FEA-96EE-7ADB22483220}.Debug|Any CPU.Build.0 = Debug|Any CPU
		{894766A7-CC71-4FEA-96EE-7ADB22483220}.Release|Any CPU.ActiveCfg = Release|Any CPU
		{894766A7-CC71-4FEA-96EE-7ADB22483220}.Release|Any CPU.Build.0 = Release|Any CPU
		{623B2017-90D5-4FCC-8305-15A53DF8881D}.Debug|Any CPU.ActiveCfg = Debug|Any CPU
		{623B2017-90D5-4FCC-8305-15A53DF8881D}.Debug|Any CPU.Build.0 = Debug|Any CPU
		{623B2017-90D5-4FCC-8305-15A53DF8881D}.Release|Any CPU.ActiveCfg = Release|Any CPU
		{623B2017-90D5-4FCC-8305-15A53DF8881D}.Release|Any CPU.Build.0 = Release|Any CPU
	EndGlobalSection
	GlobalSection(SolutionProperties) = preSolution
		HideSolutionNode = FALSE
	EndGlobalSection
	GlobalSection(ExtensibilityGlobals) = postSolution
		SolutionGuid = {24B9EA26-1BCE-408A-A61D-6745997BDC22}
	EndGlobalSection
EndGlobal
